uuid: fa63dcbe-1d73-4e0c-ba3e-ca59f7ee2891
langcode: en
status: true
dependencies:
  theme:
    - banyan_theme
id: banyan_theme_webpushblock
theme: banyan_theme
region: top_content
weight: 0
provider: null
plugin: web_push
settings:
  id: web_push
  label: 'Notify Me'
  label_display: '0'
  provider: web_push
visibility: {  }
